{
  "version": "5",
  "remote": {
    "https://deno.land/std@0.208.0/async/delay.ts": "a6142eb44cdd856b645086af2b811b1fcce08ec06bb7d50969e6a872ee9b8659",
    "https://deno.land/std@0.208.0/http/server.ts": "f3cde6672e631d3e00785743cfa96bfed275618c0352c5ae84abbe5a2e0e4afc"
  },
  "workspace": {
    "packageJson": {
      "dependencies": [
        "npm:@nuxt/devtools@^2.6.3",
        "npm:@nuxt/fonts@~0.11.4",
        "npm:@nuxt/ui-pro@^3.3.3",
        "npm:@nuxt/ui@^3.3.3",
        "npm:deno@^2.4.4",
        "npm:monaco-editor@0.53",
        "npm:nuxt-charts@~0.2.3",
        "npm:nuxt-lucide-icons@^1.0.5",
        "npm:nuxt-svgo@^4.2.6",
        "npm:nuxt@^4.1.0",
        "npm:vue-router@^4.5.1",
        "npm:vue@^3.5.20"
      ]
    }
  }
}
